# أفكار تصميم موقع آليات الديزل

## الهوية البصرية المطلوبة
- الاسم: آليات الديزل
- اللون الأساسي: أصفر صناعي
- التخصص: قطع غيار عرجات، شيولات، دركترات
- الموقع: جازان - المنطقة الصناعية

---

<response>
<probability>0.07</probability>
<idea>

**Design Movement:** Industrial Brutalism مع لمسة عربية معاصرة

**Core Principles:**
1. الخشونة الصناعية المتحكمة — استخدام الحواف الحادة والمساحات الواسعة لإيحاء بالقوة والمتانة
2. التباين العالي — أصفر صناعي ساطع على خلفية رمادية فحمية داكنة
3. الطباعة الجريئة — عناوين ضخمة تملأ الشاشة بأسلوب "صرخة بصرية"
4. التوازن غير المتماثل — تخطيط غير متوقع يكسر الرتابة

**Color Philosophy:**
- أصفر صناعي: #F5C518 (لون الآلات الثقيلة والتحذير)
- فحمي داكن: #1A1A1A (خلفية تعطي إحساس بالثقل والمتانة)
- رمادي فولاذي: #3D3D3D (للعناصر الثانوية)
- أبيض نقي: #FFFFFF (للنصوص والتفاصيل)

**Layout Paradigm:**
تخطيط عمودي مكثف مع كتل ضخمة متداخلة — قسم البطل يأخذ 90% من الشاشة مع نص مائل، والأقسام تتداخل بزوايا مقطوعة

**Signature Elements:**
1. خطوط مائلة تقطع الأقسام (clip-path diagonal)
2. أرقام ضخمة شفافة كخلفية للأقسام (مثل "01", "02")
3. شريط أصفر عريض كعنصر تكراري

**Interaction Philosophy:**
تأثيرات hover تكشف معلومات إضافية بانزلاق من الأسفل، والأزرار تملأ بالأصفر من اليسار

**Animation:**
- دخول العناوين من اليمين مع تأخير متدرج
- الكروت تنبض عند التمرير
- شريط التنقل يصبح معتماً عند التمرير

**Typography System:**
- العناوين: Cairo Black (ضخم جداً، 80-120px للبطل)
- النصوص: Tajawal Regular (مقروء، 16-18px)
- التمييز: أرقام بـ Space Grotesk

</idea>
</response>

<response>
<probability>0.06</probability>
<idea>

**Design Movement:** تقني-صناعي (Tech-Industrial) مع هوية خليجية

**Core Principles:**
1. الدقة الهندسية — شبكات وخطوط دقيقة تعكس الدقة في قطع الغيار
2. التدرج الضوئي — استخدام الضوء والظل لإعطاء عمق للعناصر
3. المعلوماتية البصرية — عرض المعلومات بطريقة منظمة ومرئية
4. الاحترافية الصامتة — تصميم يتكلم بالجودة لا بالصراخ

**Color Philosophy:**
- أصفر ذهبي: oklch(0.85 0.18 85) 
- أسود عميق: oklch(0.12 0.01 260)
- رمادي معدني: oklch(0.45 0.02 260)
- أبيض دافئ: oklch(0.97 0.01 90)

**Layout Paradigm:**
تخطيط ثلاثي الأعمدة مع شريط جانبي ثابت للتنقل على اليمين، والمحتوى يتدفق في عمودين

**Signature Elements:**
1. نقاط شبكية دقيقة كخلفية (dot grid pattern)
2. بطاقات بحواف معدنية لامعة
3. أيقونات مخصصة بأسلوب تقني

**Interaction Philosophy:**
تأثيرات ناعمة ومدروسة، كل تفاعل يعطي ردة فعل بصرية دقيقة

**Animation:**
- fade-in تدريجي للعناصر عند الظهور
- hover يرفع البطاقات بظل أعمق
- انتقالات سلسة بين الأقسام

**Typography System:**
- العناوين: Almarai Bold
- النصوص: Almarai Regular
- الأرقام: Roboto Mono

</idea>
</response>

<response>
<probability>0.08</probability>
<idea>

**Design Movement:** صناعي-جريء (Bold Industrial) — الاختيار المختار

**Core Principles:**
1. القوة البصرية الصفراء — الأصفر الصناعي كعنصر مهيمن يعكس هوية المعدات الثقيلة
2. التباين الصارخ — أسود وأصفر كتركيبة تحذيرية صناعية كلاسيكية
3. الضخامة المدروسة — عناوين كبيرة ومساحات واسعة تعكس ضخامة المعدات
4. الوضوح الوظيفي — كل عنصر له غرض، لا زخارف غير ضرورية

**Color Philosophy:**
- أصفر صناعي ساطع: oklch(0.87 0.19 88) — لون الهوية الأساسي
- أسود فحمي: oklch(0.13 0.005 260) — خلفية تعطي ثقلاً وهيبة
- رمادي داكن: oklch(0.22 0.008 260) — للبطاقات والأقسام
- أبيض ناصع: oklch(0.98 0 0) — للنصوص على الخلفيات الداكنة

**Layout Paradigm:**
تخطيط بطولي كامل الشاشة مع قطع مائل بين الأقسام، والمحتوى يتوزع بين عمودين وثلاثة أعمدة حسب الحاجة، مع شريط تنقل ثابت شفاف يصبح معتماً عند التمرير

**Signature Elements:**
1. شريط أصفر سميك كعنصر تكراري (border-left أو divider)
2. أرقام ضخمة شفافة خلف العناوين
3. زوايا مقطوعة بـ clip-path للفصل بين الأقسام

**Interaction Philosophy:**
تأثيرات hover جريئة — الأزرار تملأ بالأصفر، البطاقات ترتفع، الروابط تُسطَّر بالأصفر

**Animation:**
- دخول العناصر من الأسفل عند التمرير (Intersection Observer)
- الأرقام العداد تتحرك عند الظهور
- الشعار يتحرك بخفة عند تحميل الصفحة

**Typography System:**
- العناوين الكبيرة: Cairo Black / ExtraBold (900)
- العناوين الفرعية: Cairo Bold (700)
- النصوص: Tajawal Regular (400) — مقروء ومريح
- التمييز والأرقام: Cairo SemiBold

</idea>
</response>

---

## الاختيار النهائي: التصميم الصناعي الجريء (الفكرة الثالثة)

أصفر صناعي + أسود فحمي = هوية قوية تعكس ضخامة المعدات الثقيلة وقوتها.
